PODS:
  - SGTToolSDK (0.1.0):
    - SGTToolSDK/Extension (= 0.1.0)
  - SGTToolSDK/Extension (0.1.0)

DEPENDENCIES:
  - SGTToolSDK (from `../`)

EXTERNAL SOURCES:
  SGTToolSDK:
    :path: "../"

SPEC CHECKSUMS:
  SGTToolSDK: 1cae4006f5f0348903ebc56a8af5f58c4888926b

PODFILE CHECKSUM: 438403fdf8149749df78d7bf11ad036eb2e0ecba

COCOAPODS: 1.5.3
